
Microsoft Visual Studio Solution File, Format Version 12.00
# Visual Studio Version 16
VisualStudioVersion = 16.0.32228.343
MinimumVisualStudioVersion = 10.0.40219.1
Project("{FAE04EC0-301F-11D3-BF4B-00C04F79EFBC}") = "ExeCRUD", "ExeCRUD.csproj", "{F22F59BB-B5DB-4880-97C0-972C210BBBC8}"
EndProject
Global
	GlobalSection(SolutionConfigurationPlatforms) = preSolution
		Debug|Any CPU = Debug|Any CPU
		Release|Any CPU = Release|Any CPU
	EndGlobalSection
	GlobalSection(ProjectConfigurationPlatforms) = postSolution
		{F22F59BB-B5DB-4880-97C0-972C210BBBC8}.Debug|Any CPU.ActiveCfg = Debug|Any CPU
		{F22F59BB-B5DB-4880-97C0-972C210BBBC8}.Debug|Any CPU.Build.0 = Debug|Any CPU
		{F22F59BB-B5DB-4880-97C0-972C210BBBC8}.Release|Any CPU.ActiveCfg = Release|Any CPU
		{F22F59BB-B5DB-4880-97C0-972C210BBBC8}.Release|Any CPU.Build.0 = Release|Any CPU
	EndGlobalSection
	GlobalSection(SolutionProperties) = preSolution
		HideSolutionNode = FALSE
	EndGlobalSection
	GlobalSection(ExtensibilityGlobals) = postSolution
		SolutionGuid = {517274A6-A694-4475-B493-67EE5E9BF220}
	EndGlobalSection
EndGlobal
